
Microsoft Visual Studio Solution File, Format Version 12.00
# Visual Studio Version 17
VisualStudioVersion = 17.0.31903.59
MinimumVisualStudioVersion = 10.0.40219.1
Project("{FAE04EC0-301F-11D3-BF4B-00C04F79EFBC}") = "API", "API\API.csproj", "{54B1A6F7-956D-494E-8C9C-36F340BE40EC}"
EndProject
Project("{FAE04EC0-301F-11D3-BF4B-00C04F79EFBC}") = "Application", "Application\Application.csproj", "{8919D4E1-2FF0-49AC-9C57-01105FFA366E}"
EndProject
Project("{FAE04EC0-301F-11D3-BF4B-00C04F79EFBC}") = "Domain", "Domain\Domain.csproj", "{C1C8CA92-8919-425E-8F32-74BEE6BD9E77}"
EndProject
Project("{FAE04EC0-301F-11D3-BF4B-00C04F79EFBC}") = "Persistence", "Persistence\Persistence.csproj", "{C00A4624-7912-420B-9ADA-EA6DBC2C459B}"
EndProject
Global
	GlobalSection(SolutionConfigurationPlatforms) = preSolution
		Debug|Any CPU = Debug|Any CPU
		Debug|x64 = Debug|x64
		Debug|x86 = Debug|x86
		Release|Any CPU = Release|Any CPU
		Release|x64 = Release|x64
		Release|x86 = Release|x86
	EndGlobalSection
	GlobalSection(ProjectConfigurationPlatforms) = postSolution
		{54B1A6F7-956D-494E-8C9C-36F340BE40EC}.Debug|Any CPU.ActiveCfg = Debug|Any CPU
		{54B1A6F7-956D-494E-8C9C-36F340BE40EC}.Debug|Any CPU.Build.0 = Debug|Any CPU
		{54B1A6F7-956D-494E-8C9C-36F340BE40EC}.Debug|x64.ActiveCfg = Debug|Any CPU
		{54B1A6F7-956D-494E-8C9C-36F340BE40EC}.Debug|x64.Build.0 = Debug|Any CPU
		{54B1A6F7-956D-494E-8C9C-36F340BE40EC}.Debug|x86.ActiveCfg = Debug|Any CPU
		{54B1A6F7-956D-494E-8C9C-36F340BE40EC}.Debug|x86.Build.0 = Debug|Any CPU
		{54B1A6F7-956D-494E-8C9C-36F340BE40EC}.Release|Any CPU.ActiveCfg = Release|Any CPU
		{54B1A6F7-956D-494E-8C9C-36F340BE40EC}.Release|Any CPU.Build.0 = Release|Any CPU
		{54B1A6F7-956D-494E-8C9C-36F340BE40EC}.Release|x64.ActiveCfg = Release|Any CPU
		{54B1A6F7-956D-494E-8C9C-36F340BE40EC}.Release|x64.Build.0 = Release|Any CPU
		{54B1A6F7-956D-494E-8C9C-36F340BE40EC}.Release|x86.ActiveCfg = Release|Any CPU
		{54B1A6F7-956D-494E-8C9C-36F340BE40EC}.Release|x86.Build.0 = Release|Any CPU
		{8919D4E1-2FF0-49AC-9C57-01105FFA366E}.Debug|Any CPU.ActiveCfg = Debug|Any CPU
		{8919D4E1-2FF0-49AC-9C57-01105FFA366E}.Debug|Any CPU.Build.0 = Debug|Any CPU
		{8919D4E1-2FF0-49AC-9C57-01105FFA366E}.Debug|x64.ActiveCfg = Debug|Any CPU
		{8919D4E1-2FF0-49AC-9C57-01105FFA366E}.Debug|x64.Build.0 = Debug|Any CPU
		{8919D4E1-2FF0-49AC-9C57-01105FFA366E}.Debug|x86.ActiveCfg = Debug|Any CPU
		{8919D4E1-2FF0-49AC-9C57-01105FFA366E}.Debug|x86.Build.0 = Debug|Any CPU
		{8919D4E1-2FF0-49AC-9C57-01105FFA366E}.Release|Any CPU.ActiveCfg = Release|Any CPU
		{8919D4E1-2FF0-49AC-9C57-01105FFA366E}.Release|Any CPU.Build.0 = Release|Any CPU
		{8919D4E1-2FF0-49AC-9C57-01105FFA366E}.Release|x64.ActiveCfg = Release|Any CPU
		{8919D4E1-2FF0-49AC-9C57-01105FFA366E}.Release|x64.Build.0 = Release|Any CPU
		{8919D4E1-2FF0-49AC-9C57-01105FFA366E}.Release|x86.ActiveCfg = Release|Any CPU
		{8919D4E1-2FF0-49AC-9C57-01105FFA366E}.Release|x86.Build.0 = Release|Any CPU
		{C1C8CA92-8919-425E-8F32-74BEE6BD9E77}.Debug|Any CPU.ActiveCfg = Debug|Any CPU
		{C1C8CA92-8919-425E-8F32-74BEE6BD9E77}.Debug|Any CPU.Build.0 = Debug|Any CPU
		{C1C8CA92-8919-425E-8F32-74BEE6BD9E77}.Debug|x64.ActiveCfg = Debug|Any CPU
		{C1C8CA92-8919-425E-8F32-74BEE6BD9E77}.Debug|x64.Build.0 = Debug|Any CPU
		{C1C8CA92-8919-425E-8F32-74BEE6BD9E77}.Debug|x86.ActiveCfg = Debug|Any CPU
		{C1C8CA92-8919-425E-8F32-74BEE6BD9E77}.Debug|x86.Build.0 = Debug|Any CPU
		{C1C8CA92-8919-425E-8F32-74BEE6BD9E77}.Release|Any CPU.ActiveCfg = Release|Any CPU
		{C1C8CA92-8919-425E-8F32-74BEE6BD9E77}.Release|Any CPU.Build.0 = Release|Any CPU
		{C1C8CA92-8919-425E-8F32-74BEE6BD9E77}.Release|x64.ActiveCfg = Release|Any CPU
		{C1C8CA92-8919-425E-8F32-74BEE6BD9E77}.Release|x64.Build.0 = Release|Any CPU
		{C1C8CA92-8919-425E-8F32-74BEE6BD9E77}.Release|x86.ActiveCfg = Release|Any CPU
		{C1C8CA92-8919-425E-8F32-74BEE6BD9E77}.Release|x86.Build.0 = Release|Any CPU
		{C00A4624-7912-420B-9ADA-EA6DBC2C459B}.Debug|Any CPU.ActiveCfg = Debug|Any CPU
		{C00A4624-7912-420B-9ADA-EA6DBC2C459B}.Debug|Any CPU.Build.0 = Debug|Any CPU
		{C00A4624-7912-420B-9ADA-EA6DBC2C459B}.Debug|x64.ActiveCfg = Debug|Any CPU
		{C00A4624-7912-420B-9ADA-EA6DBC2C459B}.Debug|x64.Build.0 = Debug|Any CPU
		{C00A4624-7912-420B-9ADA-EA6DBC2C459B}.Debug|x86.ActiveCfg = Debug|Any CPU
		{C00A4624-7912-420B-9ADA-EA6DBC2C459B}.Debug|x86.Build.0 = Debug|Any CPU
		{C00A4624-7912-420B-9ADA-EA6DBC2C459B}.Release|Any CPU.ActiveCfg = Release|Any CPU
		{C00A4624-7912-420B-9ADA-EA6DBC2C459B}.Release|Any CPU.Build.0 = Release|Any CPU
		{C00A4624-7912-420B-9ADA-EA6DBC2C459B}.Release|x64.ActiveCfg = Release|Any CPU
		{C00A4624-7912-420B-9ADA-EA6DBC2C459B}.Release|x64.Build.0 = Release|Any CPU
		{C00A4624-7912-420B-9ADA-EA6DBC2C459B}.Release|x86.ActiveCfg = Release|Any CPU
		{C00A4624-7912-420B-9ADA-EA6DBC2C459B}.Release|x86.Build.0 = Release|Any CPU
	EndGlobalSection
	GlobalSection(SolutionProperties) = preSolution
		HideSolutionNode = FALSE
	EndGlobalSection
EndGlobal
